
Microsoft Visual Studio Solution File, Format Version 12.00
# Visual Studio 2013
VisualStudioVersion = 12.0.21005.1
MinimumVisualStudioVersion = 10.0.40219.1
Project("{FAE04EC0-301F-11D3-BF4B-00C04F79EFBC}") = "UI", "UI\UI.csproj", "{4EFF37B7-C57C-474D-8B16-A9A7A1D31114}"
EndProject
Project("{FAE04EC0-301F-11D3-BF4B-00C04F79EFBC}") = "PluginInterface", "PluginInterface\PluginInterface\PluginInterface.csproj", "{9F2E8BFC-87AE-4193-974B-2187E08EA088}"
EndProject
Project("{2150E333-8FDC-42A3-9474-1A3956D46DE8}") = "Plugins", "Plugins", "{E58F6448-25EA-4A99-ACE4-5350F41CB2C2}"
EndProject
Project("{FAE04EC0-301F-11D3-BF4B-00C04F79EFBC}") = "Problem 1", "Plugins\Problem 1\Problem 1.csproj", "{623298AA-77B2-446B-8963-8A562067F498}"
EndProject
Project("{2150E333-8FDC-42A3-9474-1A3956D46DE8}") = "Helpers", "Helpers", "{DAB3D67F-E2DE-43CC-977C-2F9F8C6187EC}"
EndProject
Project("{FAE04EC0-301F-11D3-BF4B-00C04F79EFBC}") = "Helpers", "Helpers\Helpers\Helpers.csproj", "{56D144A1-11E5-4D72-8978-119D94559830}"
EndProject
Project("{FAE04EC0-301F-11D3-BF4B-00C04F79EFBC}") = "Problem 2", "Plugins\Problem 2\Problem 2\Problem 2.csproj", "{60AEB019-AD51-4EEF-A7F7-6A0DE6CD29DB}"
EndProject
Project("{FAE04EC0-301F-11D3-BF4B-00C04F79EFBC}") = "Problem 3", "Plugins\Problem 3\Problem 3\Problem 3.csproj", "{6754C4B0-45C8-4E63-B261-D361194A93FB}"
EndProject
Project("{FAE04EC0-301F-11D3-BF4B-00C04F79EFBC}") = "Problem 4", "Plugins\Problem 4\Problem 4\Problem 4.csproj", "{525A3858-2095-48C0-A291-862DBD6579A8}"
EndProject
Project("{FAE04EC0-301F-11D3-BF4B-00C04F79EFBC}") = "Problem 5", "Plugins\Problem 5\Problem 5.csproj", "{D2F20D0F-CFFC-4A67-A4B8-1C6502ACFC37}"
EndProject
Project("{FAE04EC0-301F-11D3-BF4B-00C04F79EFBC}") = "Problem 6", "Plugins\Problem 6\Problem 6.csproj", "{72510861-302A-4BA1-8782-68F2C15F6756}"
EndProject
Project("{FAE04EC0-301F-11D3-BF4B-00C04F79EFBC}") = "Problem 7", "Plugins\Problem 7\Problem 7.csproj", "{3D82A165-415F-4037-B90B-BE54D8BCD586}"
EndProject
Project("{FAE04EC0-301F-11D3-BF4B-00C04F79EFBC}") = "Problem 8", "Plugins\Problem 8\Problem 8.csproj", "{2DCD929E-473A-4582-BBE4-38F42D1BEBB5}"
EndProject
Project("{FAE04EC0-301F-11D3-BF4B-00C04F79EFBC}") = "Problem 9", "Plugins\Problem 9\Problem 9.csproj", "{FBECE336-B5EE-486D-A50A-6E5B8EAC1485}"
EndProject
Project("{FAE04EC0-301F-11D3-BF4B-00C04F79EFBC}") = "Problem 10", "Plugins\Problem 10\Problem 10.csproj", "{D9124EB5-32C7-4144-A929-0203560C0004}"
EndProject
Project("{FAE04EC0-301F-11D3-BF4B-00C04F79EFBC}") = "Problem 11", "Plugins\Problem 11\Problem 11.csproj", "{6747E232-7038-4A0A-B4B0-653BA9C65656}"
EndProject
Project("{FAE04EC0-301F-11D3-BF4B-00C04F79EFBC}") = "Problem 12", "Plugins\Problem 12\Problem 12.csproj", "{71E18994-9C96-4C1B-B31C-7D1F13D489A8}"
EndProject
Project("{FAE04EC0-301F-11D3-BF4B-00C04F79EFBC}") = "Problem 13", "Plugins\Problem 13\Problem 13.csproj", "{66A0559A-0171-464B-8D2C-30F625AA44F1}"
EndProject
Global
	GlobalSection(SolutionConfigurationPlatforms) = preSolution
		Debug|Any CPU = Debug|Any CPU
		Release|Any CPU = Release|Any CPU
	EndGlobalSection
	GlobalSection(ProjectConfigurationPlatforms) = postSolution
		{4EFF37B7-C57C-474D-8B16-A9A7A1D31114}.Debug|Any CPU.ActiveCfg = Debug|Any CPU
		{4EFF37B7-C57C-474D-8B16-A9A7A1D31114}.Debug|Any CPU.Build.0 = Debug|Any CPU
		{4EFF37B7-C57C-474D-8B16-A9A7A1D31114}.Release|Any CPU.ActiveCfg = Release|Any CPU
		{4EFF37B7-C57C-474D-8B16-A9A7A1D31114}.Release|Any CPU.Build.0 = Release|Any CPU
		{9F2E8BFC-87AE-4193-974B-2187E08EA088}.Debug|Any CPU.ActiveCfg = Debug|Any CPU
		{9F2E8BFC-87AE-4193-974B-2187E08EA088}.Debug|Any CPU.Build.0 = Debug|Any CPU
		{9F2E8BFC-87AE-4193-974B-2187E08EA088}.Release|Any CPU.ActiveCfg = Release|Any CPU
		{9F2E8BFC-87AE-4193-974B-2187E08EA088}.Release|Any CPU.Build.0 = Release|Any CPU
		{623298AA-77B2-446B-8963-8A562067F498}.Debug|Any CPU.ActiveCfg = Debug|Any CPU
		{623298AA-77B2-446B-8963-8A562067F498}.Debug|Any CPU.Build.0 = Debug|Any CPU
		{623298AA-77B2-446B-8963-8A562067F498}.Release|Any CPU.ActiveCfg = Release|Any CPU
		{623298AA-77B2-446B-8963-8A562067F498}.Release|Any CPU.Build.0 = Release|Any CPU
		{56D144A1-11E5-4D72-8978-119D94559830}.Debug|Any CPU.ActiveCfg = Debug|Any CPU
		{56D144A1-11E5-4D72-8978-119D94559830}.Debug|Any CPU.Build.0 = Debug|Any CPU
		{56D144A1-11E5-4D72-8978-119D94559830}.Release|Any CPU.ActiveCfg = Release|Any CPU
		{56D144A1-11E5-4D72-8978-119D94559830}.Release|Any CPU.Build.0 = Release|Any CPU
		{60AEB019-AD51-4EEF-A7F7-6A0DE6CD29DB}.Debug|Any CPU.ActiveCfg = Debug|Any CPU
		{60AEB019-AD51-4EEF-A7F7-6A0DE6CD29DB}.Debug|Any CPU.Build.0 = Debug|Any CPU
		{60AEB019-AD51-4EEF-A7F7-6A0DE6CD29DB}.Release|Any CPU.ActiveCfg = Release|Any CPU
		{60AEB019-AD51-4EEF-A7F7-6A0DE6CD29DB}.Release|Any CPU.Build.0 = Release|Any CPU
		{6754C4B0-45C8-4E63-B261-D361194A93FB}.Debug|Any CPU.ActiveCfg = Debug|Any CPU
		{6754C4B0-45C8-4E63-B261-D361194A93FB}.Debug|Any CPU.Build.0 = Debug|Any CPU
		{6754C4B0-45C8-4E63-B261-D361194A93FB}.Release|Any CPU.ActiveCfg = Release|Any CPU
		{6754C4B0-45C8-4E63-B261-D361194A93FB}.Release|Any CPU.Build.0 = Release|Any CPU
		{525A3858-2095-48C0-A291-862DBD6579A8}.Debug|Any CPU.ActiveCfg = Debug|Any CPU
		{525A3858-2095-48C0-A291-862DBD6579A8}.Debug|Any CPU.Build.0 = Debug|Any CPU
		{525A3858-2095-48C0-A291-862DBD6579A8}.Release|Any CPU.ActiveCfg = Release|Any CPU
		{525A3858-2095-48C0-A291-862DBD6579A8}.Release|Any CPU.Build.0 = Release|Any CPU
		{D2F20D0F-CFFC-4A67-A4B8-1C6502ACFC37}.Debug|Any CPU.ActiveCfg = Debug|Any CPU
		{D2F20D0F-CFFC-4A67-A4B8-1C6502ACFC37}.Debug|Any CPU.Build.0 = Debug|Any CPU
		{D2F20D0F-CFFC-4A67-A4B8-1C6502ACFC37}.Release|Any CPU.ActiveCfg = Release|Any CPU
		{D2F20D0F-CFFC-4A67-A4B8-1C6502ACFC37}.Release|Any CPU.Build.0 = Release|Any CPU
		{72510861-302A-4BA1-8782-68F2C15F6756}.Debug|Any CPU.ActiveCfg = Debug|Any CPU
		{72510861-302A-4BA1-8782-68F2C15F6756}.Debug|Any CPU.Build.0 = Debug|Any CPU
		{72510861-302A-4BA1-8782-68F2C15F6756}.Release|Any CPU.ActiveCfg = Release|Any CPU
		{72510861-302A-4BA1-8782-68F2C15F6756}.Release|Any CPU.Build.0 = Release|Any CPU
		{3D82A165-415F-4037-B90B-BE54D8BCD586}.Debug|Any CPU.ActiveCfg = Debug|Any CPU
		{3D82A165-415F-4037-B90B-BE54D8BCD586}.Debug|Any CPU.Build.0 = Debug|Any CPU
		{3D82A165-415F-4037-B90B-BE54D8BCD586}.Release|Any CPU.ActiveCfg = Release|Any CPU
		{3D82A165-415F-4037-B90B-BE54D8BCD586}.Release|Any CPU.Build.0 = Release|Any CPU
		{2DCD929E-473A-4582-BBE4-38F42D1BEBB5}.Debug|Any CPU.ActiveCfg = Debug|Any CPU
		{2DCD929E-473A-4582-BBE4-38F42D1BEBB5}.Debug|Any CPU.Build.0 = Debug|Any CPU
		{2DCD929E-473A-4582-BBE4-38F42D1BEBB5}.Release|Any CPU.ActiveCfg = Release|Any CPU
		{2DCD929E-473A-4582-BBE4-38F42D1BEBB5}.Release|Any CPU.Build.0 = Release|Any CPU
		{FBECE336-B5EE-486D-A50A-6E5B8EAC1485}.Debug|Any CPU.ActiveCfg = Debug|Any CPU
		{FBECE336-B5EE-486D-A50A-6E5B8EAC1485}.Debug|Any CPU.Build.0 = Debug|Any CPU
		{FBECE336-B5EE-486D-A50A-6E5B8EAC1485}.Release|Any CPU.ActiveCfg = Release|Any CPU
		{FBECE336-B5EE-486D-A50A-6E5B8EAC1485}.Release|Any CPU.Build.0 = Release|Any CPU
		{D9124EB5-32C7-4144-A929-0203560C0004}.Debug|Any CPU.ActiveCfg = Debug|Any CPU
		{D9124EB5-32C7-4144-A929-0203560C0004}.Debug|Any CPU.Build.0 = Debug|Any CPU
		{D9124EB5-32C7-4144-A929-0203560C0004}.Release|Any CPU.ActiveCfg = Release|Any CPU
		{D9124EB5-32C7-4144-A929-0203560C0004}.Release|Any CPU.Build.0 = Release|Any CPU
		{6747E232-7038-4A0A-B4B0-653BA9C65656}.Debug|Any CPU.ActiveCfg = Debug|Any CPU
		{6747E232-7038-4A0A-B4B0-653BA9C65656}.Debug|Any CPU.Build.0 = Debug|Any CPU
		{6747E232-7038-4A0A-B4B0-653BA9C65656}.Release|Any CPU.ActiveCfg = Release|Any CPU
		{6747E232-7038-4A0A-B4B0-653BA9C65656}.Release|Any CPU.Build.0 = Release|Any CPU
		{71E18994-9C96-4C1B-B31C-7D1F13D489A8}.Debug|Any CPU.ActiveCfg = Debug|Any CPU
		{71E18994-9C96-4C1B-B31C-7D1F13D489A8}.Debug|Any CPU.Build.0 = Debug|Any CPU
		{71E18994-9C96-4C1B-B31C-7D1F13D489A8}.Release|Any CPU.ActiveCfg = Release|Any CPU
		{71E18994-9C96-4C1B-B31C-7D1F13D489A8}.Release|Any CPU.Build.0 = Release|Any CPU
		{66A0559A-0171-464B-8D2C-30F625AA44F1}.Debug|Any CPU.ActiveCfg = Debug|Any CPU
		{66A0559A-0171-464B-8D2C-30F625AA44F1}.Debug|Any CPU.Build.0 = Debug|Any CPU
		{66A0559A-0171-464B-8D2C-30F625AA44F1}.Release|Any CPU.ActiveCfg = Release|Any CPU
		{66A0559A-0171-464B-8D2C-30F625AA44F1}.Release|Any CPU.Build.0 = Release|Any CPU
	EndGlobalSection
	GlobalSection(SolutionProperties) = preSolution
		HideSolutionNode = FALSE
	EndGlobalSection
	GlobalSection(NestedProjects) = preSolution
		{623298AA-77B2-446B-8963-8A562067F498} = {E58F6448-25EA-4A99-ACE4-5350F41CB2C2}
		{60AEB019-AD51-4EEF-A7F7-6A0DE6CD29DB} = {E58F6448-25EA-4A99-ACE4-5350F41CB2C2}
		{6754C4B0-45C8-4E63-B261-D361194A93FB} = {E58F6448-25EA-4A99-ACE4-5350F41CB2C2}
		{525A3858-2095-48C0-A291-862DBD6579A8} = {E58F6448-25EA-4A99-ACE4-5350F41CB2C2}
		{D2F20D0F-CFFC-4A67-A4B8-1C6502ACFC37} = {E58F6448-25EA-4A99-ACE4-5350F41CB2C2}
		{72510861-302A-4BA1-8782-68F2C15F6756} = {E58F6448-25EA-4A99-ACE4-5350F41CB2C2}
		{3D82A165-415F-4037-B90B-BE54D8BCD586} = {E58F6448-25EA-4A99-ACE4-5350F41CB2C2}
		{2DCD929E-473A-4582-BBE4-38F42D1BEBB5} = {E58F6448-25EA-4A99-ACE4-5350F41CB2C2}
		{FBECE336-B5EE-486D-A50A-6E5B8EAC1485} = {E58F6448-25EA-4A99-ACE4-5350F41CB2C2}
		{D9124EB5-32C7-4144-A929-0203560C0004} = {E58F6448-25EA-4A99-ACE4-5350F41CB2C2}
		{6747E232-7038-4A0A-B4B0-653BA9C65656} = {E58F6448-25EA-4A99-ACE4-5350F41CB2C2}
		{71E18994-9C96-4C1B-B31C-7D1F13D489A8} = {E58F6448-25EA-4A99-ACE4-5350F41CB2C2}
		{66A0559A-0171-464B-8D2C-30F625AA44F1} = {E58F6448-25EA-4A99-ACE4-5350F41CB2C2}
		{56D144A1-11E5-4D72-8978-119D94559830} = {DAB3D67F-E2DE-43CC-977C-2F9F8C6187EC}
	EndGlobalSection
EndGlobal
