
Microsoft Visual Studio Solution File, Format Version 12.00
# Visual Studio 2013
VisualStudioVersion = 12.0.30110.0
MinimumVisualStudioVersion = 10.0.40219.1
Project("{FAE04EC0-301F-11D3-BF4B-00C04F79EFBC}") = "UI", "UI\UI.csproj", "{4EFF37B7-C57C-474D-8B16-A9A7A1D31114}"
EndProject
Project("{FAE04EC0-301F-11D3-BF4B-00C04F79EFBC}") = "PluginInterface", "PluginInterface\PluginInterface\PluginInterface.csproj", "{9F2E8BFC-87AE-4193-974B-2187E08EA088}"
EndProject
Project("{2150E333-8FDC-42A3-9474-1A3956D46DE8}") = "Plugins", "Plugins", "{E58F6448-25EA-4A99-ACE4-5350F41CB2C2}"
EndProject
Project("{FAE04EC0-301F-11D3-BF4B-00C04F79EFBC}") = "Problem 1", "Plugins\Problem 1\Problem 1.csproj", "{623298AA-77B2-446B-8963-8A562067F498}"
EndProject
Project("{2150E333-8FDC-42A3-9474-1A3956D46DE8}") = "Helpers", "Helpers", "{DAB3D67F-E2DE-43CC-977C-2F9F8C6187EC}"
EndProject
Project("{FAE04EC0-301F-11D3-BF4B-00C04F79EFBC}") = "Helpers", "Helpers\Helpers\Helpers.csproj", "{56D144A1-11E5-4D72-8978-119D94559830}"
EndProject
Project("{FAE04EC0-301F-11D3-BF4B-00C04F79EFBC}") = "Problem 2", "Plugins\Problem 2\Problem 2\Problem 2.csproj", "{60AEB019-AD51-4EEF-A7F7-6A0DE6CD29DB}"
EndProject
Project("{FAE04EC0-301F-11D3-BF4B-00C04F79EFBC}") = "Problem 3", "Plugins\Problem 3\Problem 3\Problem 3.csproj", "{6754C4B0-45C8-4E63-B261-D361194A93FB}"
EndProject
Project("{FAE04EC0-301F-11D3-BF4B-00C04F79EFBC}") = "Problem 4", "Plugins\Problem 4\Problem 4\Problem 4.csproj", "{525A3858-2095-48C0-A291-862DBD6579A8}"
EndProject
Project("{FAE04EC0-301F-11D3-BF4B-00C04F79EFBC}") = "Problem 5", "Plugins\Problem 5\Problem 5.csproj", "{D2F20D0F-CFFC-4A67-A4B8-1C6502ACFC37}"
EndProject
Project("{FAE04EC0-301F-11D3-BF4B-00C04F79EFBC}") = "Problem 6", "Plugins\Problem 6\Problem 6.csproj", "{72510861-302A-4BA1-8782-68F2C15F6756}"
EndProject
Project("{FAE04EC0-301F-11D3-BF4B-00C04F79EFBC}") = "Problem 7", "Plugins\Problem 7\Problem 7.csproj", "{3D82A165-415F-4037-B90B-BE54D8BCD586}"
EndProject
Project("{FAE04EC0-301F-11D3-BF4B-00C04F79EFBC}") = "Problem 8", "Plugins\Problem 8\Problem 8.csproj", "{2DCD929E-473A-4582-BBE4-38F42D1BEBB5}"
EndProject
Project("{FAE04EC0-301F-11D3-BF4B-00C04F79EFBC}") = "Problem 9", "Plugins\Problem 9\Problem 9.csproj", "{FBECE336-B5EE-486D-A50A-6E5B8EAC1485}"
EndProject
Project("{FAE04EC0-301F-11D3-BF4B-00C04F79EFBC}") = "Problem 10", "Plugins\Problem 10\Problem 10.csproj", "{D9124EB5-32C7-4144-A929-0203560C0004}"
EndProject
Project("{FAE04EC0-301F-11D3-BF4B-00C04F79EFBC}") = "Problem 11", "Plugins\Problem 11\Problem 11.csproj", "{6747E232-7038-4A0A-B4B0-653BA9C65656}"
EndProject
Project("{FAE04EC0-301F-11D3-BF4B-00C04F79EFBC}") = "Problem 12", "Plugins\Problem 12\Problem 12.csproj", "{71E18994-9C96-4C1B-B31C-7D1F13D489A8}"
EndProject
Project("{FAE04EC0-301F-11D3-BF4B-00C04F79EFBC}") = "Problem 13", "Plugins\Problem 13\Problem 13.csproj", "{66A0559A-0171-464B-8D2C-30F625AA44F1}"
EndProject
Project("{FAE04EC0-301F-11D3-BF4B-00C04F79EFBC}") = "Problem 14", "Plugins\Problem 14\Problem 14.csproj", "{738A58A4-C58E-4B8F-889E-1E63A61BB320}"
EndProject
Project("{FAE04EC0-301F-11D3-BF4B-00C04F79EFBC}") = "Problem 15", "Plugins\Problem 15\Problem 15.csproj", "{6A5E3EBF-330E-4B97-85A7-FD787D9D9AE8}"
EndProject
Project("{FAE04EC0-301F-11D3-BF4B-00C04F79EFBC}") = "Problem 16", "plugins\Problem 16\Problem 16.csproj", "{26286F93-7B60-4A0B-B30C-E905895B9636}"
EndProject
Project("{FAE04EC0-301F-11D3-BF4B-00C04F79EFBC}") = "Problem 17", "Plugins\Problem 17\Problem 17.csproj", "{EF3E8034-5A5D-4956-B950-AB52C9FE691C}"
EndProject
Project("{FAE04EC0-301F-11D3-BF4B-00C04F79EFBC}") = "Problem 18", "Plugins\Problem 18\Problem 18.csproj", "{B5B8D2B8-28A8-4E07-8312-5B83F429C5F2}"
EndProject
Project("{FAE04EC0-301F-11D3-BF4B-00C04F79EFBC}") = "Problem 67", "Plugins\Problem 67\Problem 67.csproj", "{F67C811D-EDA6-4434-AC4F-0F8F3F6FD3E9}"
EndProject
Project("{FAE04EC0-301F-11D3-BF4B-00C04F79EFBC}") = "Problem 19", "Plugins\Problem 19\Problem 19.csproj", "{E0761710-4314-4551-ADD2-AB7DE2F76289}"
EndProject
Project("{FAE04EC0-301F-11D3-BF4B-00C04F79EFBC}") = "Problem 20", "Plugins\Problem 20\Problem 20.csproj", "{1FFF32C5-6518-4E9F-8D1F-2C9E53C5D790}"
EndProject
Project("{2150E333-8FDC-42A3-9474-1A3956D46DE8}") = "1-10", "1-10", "{46B3D60D-A39A-4689-8420-A9BAF99FBECF}"
EndProject
Project("{2150E333-8FDC-42A3-9474-1A3956D46DE8}") = "11-20", "11-20", "{3C08E95B-1144-4F05-8757-78653C834285}"
EndProject
Project("{2150E333-8FDC-42A3-9474-1A3956D46DE8}") = "21-30", "21-30", "{03E7CCDD-A80E-404E-A2FF-7B7B12FE2E43}"
EndProject
Project("{2150E333-8FDC-42A3-9474-1A3956D46DE8}") = "31-40", "31-40", "{6020CED3-3314-41DD-BE3A-471B4285A2EC}"
EndProject
Project("{2150E333-8FDC-42A3-9474-1A3956D46DE8}") = "41-50", "41-50", "{0B20F1E1-F9C4-40A3-90DB-625CE8E550B1}"
EndProject
Project("{2150E333-8FDC-42A3-9474-1A3956D46DE8}") = "51-60", "51-60", "{5E5F98E0-D4EF-472C-959A-BFACA459AAF9}"
EndProject
Project("{2150E333-8FDC-42A3-9474-1A3956D46DE8}") = "61-70", "61-70", "{55B3224E-3E71-4931-9860-BB0C4DC7DEBE}"
EndProject
Project("{FAE04EC0-301F-11D3-BF4B-00C04F79EFBC}") = "Problem 21", "Plugins\Problem 21\Problem 21.csproj", "{8E665C95-2C76-4E91-86B0-D689D10A3104}"
EndProject
Project("{FAE04EC0-301F-11D3-BF4B-00C04F79EFBC}") = "Problem 22", "Plugins\Problem 22\Problem 22.csproj", "{5630D3D7-9ADD-4023-BAA4-700BC9F72DE9}"
EndProject
Project("{FAE04EC0-301F-11D3-BF4B-00C04F79EFBC}") = "Problem 23", "Plugins\Problem 23\Problem 23.csproj", "{A6EA09A9-1B8F-40C4-AB5B-AF38F28ED3F5}"
EndProject
Project("{FAE04EC0-301F-11D3-BF4B-00C04F79EFBC}") = "Problem 25", "plugins\Problem 25\Problem 25.csproj", "{16BA3C5D-6F21-4F8B-BE57-842DB34B7DBE}"
EndProject
Project("{FAE04EC0-301F-11D3-BF4B-00C04F79EFBC}") = "Problem 24", "Plugins\Problem 24\Problem 24.csproj", "{84009A62-DF14-4969-BC24-95E49647A66D}"
EndProject
Project("{FAE04EC0-301F-11D3-BF4B-00C04F79EFBC}") = "Problem 26", "Plugins\Problem 26\Problem 26.csproj", "{40ECAAF1-66D6-43F9-854E-084C1F794067}"
EndProject
Project("{2150E333-8FDC-42A3-9474-1A3956D46DE8}") = "Algorithms", "Algorithms", "{292FB2C8-7F8C-4B35-8178-8A67EF0F1A7B}"
EndProject
Project("{FAE04EC0-301F-11D3-BF4B-00C04F79EFBC}") = "SuffixTree", "Algorithms\SuffixTree\SuffixTree.csproj", "{9E882870-6AC1-4B71-823A-C07DE268FFF0}"
EndProject
Project("{FAE04EC0-301F-11D3-BF4B-00C04F79EFBC}") = "Problem 27", "Plugins\Problem 27\Problem 27.csproj", "{67855DBE-42AA-4525-98F0-2C598A86348F}"
EndProject
Project("{FAE04EC0-301F-11D3-BF4B-00C04F79EFBC}") = "Problem 28", "Plugins\Problem 28\Problem 28.csproj", "{D026218D-6D09-4F42-A1ED-AC4F62D10756}"
EndProject
Project("{FAE04EC0-301F-11D3-BF4B-00C04F79EFBC}") = "Problem 29", "Plugins\Problem 29\Problem 29.csproj", "{700AF89A-4E23-437A-9765-A03E5BE77E38}"
EndProject
Project("{FAE04EC0-301F-11D3-BF4B-00C04F79EFBC}") = "Problem 30", "Plugins\Problem 30\Problem 30.csproj", "{FD172823-C696-41DF-BA29-EB3A08CBAD94}"
EndProject
Project("{FAE04EC0-301F-11D3-BF4B-00C04F79EFBC}") = "Problem 31", "Plugins\Problem 31\Problem 31.csproj", "{4840FC72-93B5-4173-BE20-B7044950B8C9}"
EndProject
Project("{FAE04EC0-301F-11D3-BF4B-00C04F79EFBC}") = "Problem 32", "Plugins\Problem 32\Problem 32.csproj", "{5BFB7A07-2E64-4125-B755-87E7256754D1}"
EndProject
Project("{FAE04EC0-301F-11D3-BF4B-00C04F79EFBC}") = "Problem 33", "plugins\Problem 33\Problem 33.csproj", "{13AD1DC8-71C1-490D-98D3-D6DF4EF0776B}"
EndProject
Project("{FAE04EC0-301F-11D3-BF4B-00C04F79EFBC}") = "Problem 34", "Plugins\Problem 34\Problem 34.csproj", "{A6C21958-5663-4B13-913C-B653D0673ACE}"
EndProject
Project("{FAE04EC0-301F-11D3-BF4B-00C04F79EFBC}") = "Problem 35", "Plugins\Problem 35\Problem 35.csproj", "{D9D59B70-BFF4-4986-8FAC-E1F4AAAE8CA9}"
EndProject
Project("{FAE04EC0-301F-11D3-BF4B-00C04F79EFBC}") = "Problem 36", "Plugins\Problem 36\Problem 36.csproj", "{1597F4CD-A117-433F-A403-CD7215748E1E}"
EndProject
Global
	GlobalSection(SolutionConfigurationPlatforms) = preSolution
		Debug|Any CPU = Debug|Any CPU
		Release|Any CPU = Release|Any CPU
	EndGlobalSection
	GlobalSection(ProjectConfigurationPlatforms) = postSolution
		{4EFF37B7-C57C-474D-8B16-A9A7A1D31114}.Debug|Any CPU.ActiveCfg = Debug|Any CPU
		{4EFF37B7-C57C-474D-8B16-A9A7A1D31114}.Debug|Any CPU.Build.0 = Debug|Any CPU
		{4EFF37B7-C57C-474D-8B16-A9A7A1D31114}.Release|Any CPU.ActiveCfg = Release|Any CPU
		{4EFF37B7-C57C-474D-8B16-A9A7A1D31114}.Release|Any CPU.Build.0 = Release|Any CPU
		{9F2E8BFC-87AE-4193-974B-2187E08EA088}.Debug|Any CPU.ActiveCfg = Debug|Any CPU
		{9F2E8BFC-87AE-4193-974B-2187E08EA088}.Debug|Any CPU.Build.0 = Debug|Any CPU
		{9F2E8BFC-87AE-4193-974B-2187E08EA088}.Release|Any CPU.ActiveCfg = Release|Any CPU
		{9F2E8BFC-87AE-4193-974B-2187E08EA088}.Release|Any CPU.Build.0 = Release|Any CPU
		{623298AA-77B2-446B-8963-8A562067F498}.Debug|Any CPU.ActiveCfg = Debug|Any CPU
		{623298AA-77B2-446B-8963-8A562067F498}.Debug|Any CPU.Build.0 = Debug|Any CPU
		{623298AA-77B2-446B-8963-8A562067F498}.Release|Any CPU.ActiveCfg = Release|Any CPU
		{623298AA-77B2-446B-8963-8A562067F498}.Release|Any CPU.Build.0 = Release|Any CPU
		{56D144A1-11E5-4D72-8978-119D94559830}.Debug|Any CPU.ActiveCfg = Debug|Any CPU
		{56D144A1-11E5-4D72-8978-119D94559830}.Debug|Any CPU.Build.0 = Debug|Any CPU
		{56D144A1-11E5-4D72-8978-119D94559830}.Release|Any CPU.ActiveCfg = Release|Any CPU
		{56D144A1-11E5-4D72-8978-119D94559830}.Release|Any CPU.Build.0 = Release|Any CPU
		{60AEB019-AD51-4EEF-A7F7-6A0DE6CD29DB}.Debug|Any CPU.ActiveCfg = Debug|Any CPU
		{60AEB019-AD51-4EEF-A7F7-6A0DE6CD29DB}.Debug|Any CPU.Build.0 = Debug|Any CPU
		{60AEB019-AD51-4EEF-A7F7-6A0DE6CD29DB}.Release|Any CPU.ActiveCfg = Release|Any CPU
		{60AEB019-AD51-4EEF-A7F7-6A0DE6CD29DB}.Release|Any CPU.Build.0 = Release|Any CPU
		{6754C4B0-45C8-4E63-B261-D361194A93FB}.Debug|Any CPU.ActiveCfg = Debug|Any CPU
		{6754C4B0-45C8-4E63-B261-D361194A93FB}.Debug|Any CPU.Build.0 = Debug|Any CPU
		{6754C4B0-45C8-4E63-B261-D361194A93FB}.Release|Any CPU.ActiveCfg = Release|Any CPU
		{6754C4B0-45C8-4E63-B261-D361194A93FB}.Release|Any CPU.Build.0 = Release|Any CPU
		{525A3858-2095-48C0-A291-862DBD6579A8}.Debug|Any CPU.ActiveCfg = Debug|Any CPU
		{525A3858-2095-48C0-A291-862DBD6579A8}.Debug|Any CPU.Build.0 = Debug|Any CPU
		{525A3858-2095-48C0-A291-862DBD6579A8}.Release|Any CPU.ActiveCfg = Release|Any CPU
		{525A3858-2095-48C0-A291-862DBD6579A8}.Release|Any CPU.Build.0 = Release|Any CPU
		{D2F20D0F-CFFC-4A67-A4B8-1C6502ACFC37}.Debug|Any CPU.ActiveCfg = Debug|Any CPU
		{D2F20D0F-CFFC-4A67-A4B8-1C6502ACFC37}.Debug|Any CPU.Build.0 = Debug|Any CPU
		{D2F20D0F-CFFC-4A67-A4B8-1C6502ACFC37}.Release|Any CPU.ActiveCfg = Release|Any CPU
		{D2F20D0F-CFFC-4A67-A4B8-1C6502ACFC37}.Release|Any CPU.Build.0 = Release|Any CPU
		{72510861-302A-4BA1-8782-68F2C15F6756}.Debug|Any CPU.ActiveCfg = Debug|Any CPU
		{72510861-302A-4BA1-8782-68F2C15F6756}.Debug|Any CPU.Build.0 = Debug|Any CPU
		{72510861-302A-4BA1-8782-68F2C15F6756}.Release|Any CPU.ActiveCfg = Release|Any CPU
		{72510861-302A-4BA1-8782-68F2C15F6756}.Release|Any CPU.Build.0 = Release|Any CPU
		{3D82A165-415F-4037-B90B-BE54D8BCD586}.Debug|Any CPU.ActiveCfg = Debug|Any CPU
		{3D82A165-415F-4037-B90B-BE54D8BCD586}.Debug|Any CPU.Build.0 = Debug|Any CPU
		{3D82A165-415F-4037-B90B-BE54D8BCD586}.Release|Any CPU.ActiveCfg = Release|Any CPU
		{3D82A165-415F-4037-B90B-BE54D8BCD586}.Release|Any CPU.Build.0 = Release|Any CPU
		{2DCD929E-473A-4582-BBE4-38F42D1BEBB5}.Debug|Any CPU.ActiveCfg = Debug|Any CPU
		{2DCD929E-473A-4582-BBE4-38F42D1BEBB5}.Debug|Any CPU.Build.0 = Debug|Any CPU
		{2DCD929E-473A-4582-BBE4-38F42D1BEBB5}.Release|Any CPU.ActiveCfg = Release|Any CPU
		{2DCD929E-473A-4582-BBE4-38F42D1BEBB5}.Release|Any CPU.Build.0 = Release|Any CPU
		{FBECE336-B5EE-486D-A50A-6E5B8EAC1485}.Debug|Any CPU.ActiveCfg = Debug|Any CPU
		{FBECE336-B5EE-486D-A50A-6E5B8EAC1485}.Debug|Any CPU.Build.0 = Debug|Any CPU
		{FBECE336-B5EE-486D-A50A-6E5B8EAC1485}.Release|Any CPU.ActiveCfg = Release|Any CPU
		{FBECE336-B5EE-486D-A50A-6E5B8EAC1485}.Release|Any CPU.Build.0 = Release|Any CPU
		{D9124EB5-32C7-4144-A929-0203560C0004}.Debug|Any CPU.ActiveCfg = Debug|Any CPU
		{D9124EB5-32C7-4144-A929-0203560C0004}.Debug|Any CPU.Build.0 = Debug|Any CPU
		{D9124EB5-32C7-4144-A929-0203560C0004}.Release|Any CPU.ActiveCfg = Release|Any CPU
		{D9124EB5-32C7-4144-A929-0203560C0004}.Release|Any CPU.Build.0 = Release|Any CPU
		{6747E232-7038-4A0A-B4B0-653BA9C65656}.Debug|Any CPU.ActiveCfg = Debug|Any CPU
		{6747E232-7038-4A0A-B4B0-653BA9C65656}.Debug|Any CPU.Build.0 = Debug|Any CPU
		{6747E232-7038-4A0A-B4B0-653BA9C65656}.Release|Any CPU.ActiveCfg = Release|Any CPU
		{6747E232-7038-4A0A-B4B0-653BA9C65656}.Release|Any CPU.Build.0 = Release|Any CPU
		{71E18994-9C96-4C1B-B31C-7D1F13D489A8}.Debug|Any CPU.ActiveCfg = Debug|Any CPU
		{71E18994-9C96-4C1B-B31C-7D1F13D489A8}.Debug|Any CPU.Build.0 = Debug|Any CPU
		{71E18994-9C96-4C1B-B31C-7D1F13D489A8}.Release|Any CPU.ActiveCfg = Release|Any CPU
		{71E18994-9C96-4C1B-B31C-7D1F13D489A8}.Release|Any CPU.Build.0 = Release|Any CPU
		{66A0559A-0171-464B-8D2C-30F625AA44F1}.Debug|Any CPU.ActiveCfg = Debug|Any CPU
		{66A0559A-0171-464B-8D2C-30F625AA44F1}.Debug|Any CPU.Build.0 = Debug|Any CPU
		{66A0559A-0171-464B-8D2C-30F625AA44F1}.Release|Any CPU.ActiveCfg = Release|Any CPU
		{66A0559A-0171-464B-8D2C-30F625AA44F1}.Release|Any CPU.Build.0 = Release|Any CPU
		{738A58A4-C58E-4B8F-889E-1E63A61BB320}.Debug|Any CPU.ActiveCfg = Debug|Any CPU
		{738A58A4-C58E-4B8F-889E-1E63A61BB320}.Debug|Any CPU.Build.0 = Debug|Any CPU
		{738A58A4-C58E-4B8F-889E-1E63A61BB320}.Release|Any CPU.ActiveCfg = Release|Any CPU
		{738A58A4-C58E-4B8F-889E-1E63A61BB320}.Release|Any CPU.Build.0 = Release|Any CPU
		{6A5E3EBF-330E-4B97-85A7-FD787D9D9AE8}.Debug|Any CPU.ActiveCfg = Debug|Any CPU
		{6A5E3EBF-330E-4B97-85A7-FD787D9D9AE8}.Debug|Any CPU.Build.0 = Debug|Any CPU
		{6A5E3EBF-330E-4B97-85A7-FD787D9D9AE8}.Release|Any CPU.ActiveCfg = Release|Any CPU
		{6A5E3EBF-330E-4B97-85A7-FD787D9D9AE8}.Release|Any CPU.Build.0 = Release|Any CPU
		{26286F93-7B60-4A0B-B30C-E905895B9636}.Debug|Any CPU.ActiveCfg = Debug|Any CPU
		{26286F93-7B60-4A0B-B30C-E905895B9636}.Debug|Any CPU.Build.0 = Debug|Any CPU
		{26286F93-7B60-4A0B-B30C-E905895B9636}.Release|Any CPU.ActiveCfg = Release|Any CPU
		{26286F93-7B60-4A0B-B30C-E905895B9636}.Release|Any CPU.Build.0 = Release|Any CPU
		{EF3E8034-5A5D-4956-B950-AB52C9FE691C}.Debug|Any CPU.ActiveCfg = Debug|Any CPU
		{EF3E8034-5A5D-4956-B950-AB52C9FE691C}.Debug|Any CPU.Build.0 = Debug|Any CPU
		{EF3E8034-5A5D-4956-B950-AB52C9FE691C}.Release|Any CPU.ActiveCfg = Release|Any CPU
		{EF3E8034-5A5D-4956-B950-AB52C9FE691C}.Release|Any CPU.Build.0 = Release|Any CPU
		{B5B8D2B8-28A8-4E07-8312-5B83F429C5F2}.Debug|Any CPU.ActiveCfg = Debug|Any CPU
		{B5B8D2B8-28A8-4E07-8312-5B83F429C5F2}.Debug|Any CPU.Build.0 = Debug|Any CPU
		{B5B8D2B8-28A8-4E07-8312-5B83F429C5F2}.Release|Any CPU.ActiveCfg = Release|Any CPU
		{B5B8D2B8-28A8-4E07-8312-5B83F429C5F2}.Release|Any CPU.Build.0 = Release|Any CPU
		{F67C811D-EDA6-4434-AC4F-0F8F3F6FD3E9}.Debug|Any CPU.ActiveCfg = Debug|Any CPU
		{F67C811D-EDA6-4434-AC4F-0F8F3F6FD3E9}.Debug|Any CPU.Build.0 = Debug|Any CPU
		{F67C811D-EDA6-4434-AC4F-0F8F3F6FD3E9}.Release|Any CPU.ActiveCfg = Release|Any CPU
		{F67C811D-EDA6-4434-AC4F-0F8F3F6FD3E9}.Release|Any CPU.Build.0 = Release|Any CPU
		{E0761710-4314-4551-ADD2-AB7DE2F76289}.Debug|Any CPU.ActiveCfg = Debug|Any CPU
		{E0761710-4314-4551-ADD2-AB7DE2F76289}.Debug|Any CPU.Build.0 = Debug|Any CPU
		{E0761710-4314-4551-ADD2-AB7DE2F76289}.Release|Any CPU.ActiveCfg = Release|Any CPU
		{E0761710-4314-4551-ADD2-AB7DE2F76289}.Release|Any CPU.Build.0 = Release|Any CPU
		{1FFF32C5-6518-4E9F-8D1F-2C9E53C5D790}.Debug|Any CPU.ActiveCfg = Debug|Any CPU
		{1FFF32C5-6518-4E9F-8D1F-2C9E53C5D790}.Debug|Any CPU.Build.0 = Debug|Any CPU
		{1FFF32C5-6518-4E9F-8D1F-2C9E53C5D790}.Release|Any CPU.ActiveCfg = Release|Any CPU
		{1FFF32C5-6518-4E9F-8D1F-2C9E53C5D790}.Release|Any CPU.Build.0 = Release|Any CPU
		{8E665C95-2C76-4E91-86B0-D689D10A3104}.Debug|Any CPU.ActiveCfg = Debug|Any CPU
		{8E665C95-2C76-4E91-86B0-D689D10A3104}.Debug|Any CPU.Build.0 = Debug|Any CPU
		{8E665C95-2C76-4E91-86B0-D689D10A3104}.Release|Any CPU.ActiveCfg = Release|Any CPU
		{8E665C95-2C76-4E91-86B0-D689D10A3104}.Release|Any CPU.Build.0 = Release|Any CPU
		{5630D3D7-9ADD-4023-BAA4-700BC9F72DE9}.Debug|Any CPU.ActiveCfg = Debug|Any CPU
		{5630D3D7-9ADD-4023-BAA4-700BC9F72DE9}.Debug|Any CPU.Build.0 = Debug|Any CPU
		{5630D3D7-9ADD-4023-BAA4-700BC9F72DE9}.Release|Any CPU.ActiveCfg = Release|Any CPU
		{5630D3D7-9ADD-4023-BAA4-700BC9F72DE9}.Release|Any CPU.Build.0 = Release|Any CPU
		{A6EA09A9-1B8F-40C4-AB5B-AF38F28ED3F5}.Debug|Any CPU.ActiveCfg = Debug|Any CPU
		{A6EA09A9-1B8F-40C4-AB5B-AF38F28ED3F5}.Debug|Any CPU.Build.0 = Debug|Any CPU
		{A6EA09A9-1B8F-40C4-AB5B-AF38F28ED3F5}.Release|Any CPU.ActiveCfg = Release|Any CPU
		{A6EA09A9-1B8F-40C4-AB5B-AF38F28ED3F5}.Release|Any CPU.Build.0 = Release|Any CPU
		{16BA3C5D-6F21-4F8B-BE57-842DB34B7DBE}.Debug|Any CPU.ActiveCfg = Debug|Any CPU
		{16BA3C5D-6F21-4F8B-BE57-842DB34B7DBE}.Debug|Any CPU.Build.0 = Debug|Any CPU
		{16BA3C5D-6F21-4F8B-BE57-842DB34B7DBE}.Release|Any CPU.ActiveCfg = Release|Any CPU
		{16BA3C5D-6F21-4F8B-BE57-842DB34B7DBE}.Release|Any CPU.Build.0 = Release|Any CPU
		{84009A62-DF14-4969-BC24-95E49647A66D}.Debug|Any CPU.ActiveCfg = Debug|Any CPU
		{84009A62-DF14-4969-BC24-95E49647A66D}.Debug|Any CPU.Build.0 = Debug|Any CPU
		{84009A62-DF14-4969-BC24-95E49647A66D}.Release|Any CPU.ActiveCfg = Release|Any CPU
		{84009A62-DF14-4969-BC24-95E49647A66D}.Release|Any CPU.Build.0 = Release|Any CPU
		{40ECAAF1-66D6-43F9-854E-084C1F794067}.Debug|Any CPU.ActiveCfg = Debug|Any CPU
		{40ECAAF1-66D6-43F9-854E-084C1F794067}.Debug|Any CPU.Build.0 = Debug|Any CPU
		{40ECAAF1-66D6-43F9-854E-084C1F794067}.Release|Any CPU.ActiveCfg = Release|Any CPU
		{40ECAAF1-66D6-43F9-854E-084C1F794067}.Release|Any CPU.Build.0 = Release|Any CPU
		{9E882870-6AC1-4B71-823A-C07DE268FFF0}.Debug|Any CPU.ActiveCfg = Debug|Any CPU
		{9E882870-6AC1-4B71-823A-C07DE268FFF0}.Debug|Any CPU.Build.0 = Debug|Any CPU
		{9E882870-6AC1-4B71-823A-C07DE268FFF0}.Release|Any CPU.ActiveCfg = Release|Any CPU
		{9E882870-6AC1-4B71-823A-C07DE268FFF0}.Release|Any CPU.Build.0 = Release|Any CPU
		{67855DBE-42AA-4525-98F0-2C598A86348F}.Debug|Any CPU.ActiveCfg = Debug|Any CPU
		{67855DBE-42AA-4525-98F0-2C598A86348F}.Debug|Any CPU.Build.0 = Debug|Any CPU
		{67855DBE-42AA-4525-98F0-2C598A86348F}.Release|Any CPU.ActiveCfg = Release|Any CPU
		{67855DBE-42AA-4525-98F0-2C598A86348F}.Release|Any CPU.Build.0 = Release|Any CPU
		{D026218D-6D09-4F42-A1ED-AC4F62D10756}.Debug|Any CPU.ActiveCfg = Debug|Any CPU
		{D026218D-6D09-4F42-A1ED-AC4F62D10756}.Debug|Any CPU.Build.0 = Debug|Any CPU
		{D026218D-6D09-4F42-A1ED-AC4F62D10756}.Release|Any CPU.ActiveCfg = Release|Any CPU
		{D026218D-6D09-4F42-A1ED-AC4F62D10756}.Release|Any CPU.Build.0 = Release|Any CPU
		{700AF89A-4E23-437A-9765-A03E5BE77E38}.Debug|Any CPU.ActiveCfg = Debug|Any CPU
		{700AF89A-4E23-437A-9765-A03E5BE77E38}.Debug|Any CPU.Build.0 = Debug|Any CPU
		{700AF89A-4E23-437A-9765-A03E5BE77E38}.Release|Any CPU.ActiveCfg = Release|Any CPU
		{700AF89A-4E23-437A-9765-A03E5BE77E38}.Release|Any CPU.Build.0 = Release|Any CPU
		{FD172823-C696-41DF-BA29-EB3A08CBAD94}.Debug|Any CPU.ActiveCfg = Debug|Any CPU
		{FD172823-C696-41DF-BA29-EB3A08CBAD94}.Debug|Any CPU.Build.0 = Debug|Any CPU
		{FD172823-C696-41DF-BA29-EB3A08CBAD94}.Release|Any CPU.ActiveCfg = Release|Any CPU
		{FD172823-C696-41DF-BA29-EB3A08CBAD94}.Release|Any CPU.Build.0 = Release|Any CPU
		{4840FC72-93B5-4173-BE20-B7044950B8C9}.Debug|Any CPU.ActiveCfg = Debug|Any CPU
		{4840FC72-93B5-4173-BE20-B7044950B8C9}.Debug|Any CPU.Build.0 = Debug|Any CPU
		{4840FC72-93B5-4173-BE20-B7044950B8C9}.Release|Any CPU.ActiveCfg = Release|Any CPU
		{4840FC72-93B5-4173-BE20-B7044950B8C9}.Release|Any CPU.Build.0 = Release|Any CPU
		{5BFB7A07-2E64-4125-B755-87E7256754D1}.Debug|Any CPU.ActiveCfg = Debug|Any CPU
		{5BFB7A07-2E64-4125-B755-87E7256754D1}.Debug|Any CPU.Build.0 = Debug|Any CPU
		{5BFB7A07-2E64-4125-B755-87E7256754D1}.Release|Any CPU.ActiveCfg = Release|Any CPU
		{5BFB7A07-2E64-4125-B755-87E7256754D1}.Release|Any CPU.Build.0 = Release|Any CPU
		{13AD1DC8-71C1-490D-98D3-D6DF4EF0776B}.Debug|Any CPU.ActiveCfg = Debug|Any CPU
		{13AD1DC8-71C1-490D-98D3-D6DF4EF0776B}.Debug|Any CPU.Build.0 = Debug|Any CPU
		{13AD1DC8-71C1-490D-98D3-D6DF4EF0776B}.Release|Any CPU.ActiveCfg = Release|Any CPU
		{13AD1DC8-71C1-490D-98D3-D6DF4EF0776B}.Release|Any CPU.Build.0 = Release|Any CPU
		{A6C21958-5663-4B13-913C-B653D0673ACE}.Debug|Any CPU.ActiveCfg = Debug|Any CPU
		{A6C21958-5663-4B13-913C-B653D0673ACE}.Debug|Any CPU.Build.0 = Debug|Any CPU
		{A6C21958-5663-4B13-913C-B653D0673ACE}.Release|Any CPU.ActiveCfg = Release|Any CPU
		{A6C21958-5663-4B13-913C-B653D0673ACE}.Release|Any CPU.Build.0 = Release|Any CPU
		{D9D59B70-BFF4-4986-8FAC-E1F4AAAE8CA9}.Debug|Any CPU.ActiveCfg = Debug|Any CPU
		{D9D59B70-BFF4-4986-8FAC-E1F4AAAE8CA9}.Debug|Any CPU.Build.0 = Debug|Any CPU
		{D9D59B70-BFF4-4986-8FAC-E1F4AAAE8CA9}.Release|Any CPU.ActiveCfg = Release|Any CPU
		{D9D59B70-BFF4-4986-8FAC-E1F4AAAE8CA9}.Release|Any CPU.Build.0 = Release|Any CPU
		{1597F4CD-A117-433F-A403-CD7215748E1E}.Debug|Any CPU.ActiveCfg = Debug|Any CPU
		{1597F4CD-A117-433F-A403-CD7215748E1E}.Debug|Any CPU.Build.0 = Debug|Any CPU
		{1597F4CD-A117-433F-A403-CD7215748E1E}.Release|Any CPU.ActiveCfg = Release|Any CPU
		{1597F4CD-A117-433F-A403-CD7215748E1E}.Release|Any CPU.Build.0 = Release|Any CPU
	EndGlobalSection
	GlobalSection(SolutionProperties) = preSolution
		HideSolutionNode = FALSE
	EndGlobalSection
	GlobalSection(NestedProjects) = preSolution
		{46B3D60D-A39A-4689-8420-A9BAF99FBECF} = {E58F6448-25EA-4A99-ACE4-5350F41CB2C2}
		{3C08E95B-1144-4F05-8757-78653C834285} = {E58F6448-25EA-4A99-ACE4-5350F41CB2C2}
		{55B3224E-3E71-4931-9860-BB0C4DC7DEBE} = {E58F6448-25EA-4A99-ACE4-5350F41CB2C2}
		{03E7CCDD-A80E-404E-A2FF-7B7B12FE2E43} = {E58F6448-25EA-4A99-ACE4-5350F41CB2C2}
		{6020CED3-3314-41DD-BE3A-471B4285A2EC} = {E58F6448-25EA-4A99-ACE4-5350F41CB2C2}
		{0B20F1E1-F9C4-40A3-90DB-625CE8E550B1} = {E58F6448-25EA-4A99-ACE4-5350F41CB2C2}
		{5E5F98E0-D4EF-472C-959A-BFACA459AAF9} = {E58F6448-25EA-4A99-ACE4-5350F41CB2C2}
		{60AEB019-AD51-4EEF-A7F7-6A0DE6CD29DB} = {46B3D60D-A39A-4689-8420-A9BAF99FBECF}
		{6754C4B0-45C8-4E63-B261-D361194A93FB} = {46B3D60D-A39A-4689-8420-A9BAF99FBECF}
		{525A3858-2095-48C0-A291-862DBD6579A8} = {46B3D60D-A39A-4689-8420-A9BAF99FBECF}
		{D2F20D0F-CFFC-4A67-A4B8-1C6502ACFC37} = {46B3D60D-A39A-4689-8420-A9BAF99FBECF}
		{72510861-302A-4BA1-8782-68F2C15F6756} = {46B3D60D-A39A-4689-8420-A9BAF99FBECF}
		{3D82A165-415F-4037-B90B-BE54D8BCD586} = {46B3D60D-A39A-4689-8420-A9BAF99FBECF}
		{2DCD929E-473A-4582-BBE4-38F42D1BEBB5} = {46B3D60D-A39A-4689-8420-A9BAF99FBECF}
		{FBECE336-B5EE-486D-A50A-6E5B8EAC1485} = {46B3D60D-A39A-4689-8420-A9BAF99FBECF}
		{D9124EB5-32C7-4144-A929-0203560C0004} = {46B3D60D-A39A-4689-8420-A9BAF99FBECF}
		{623298AA-77B2-446B-8963-8A562067F498} = {46B3D60D-A39A-4689-8420-A9BAF99FBECF}
		{56D144A1-11E5-4D72-8978-119D94559830} = {DAB3D67F-E2DE-43CC-977C-2F9F8C6187EC}
		{71E18994-9C96-4C1B-B31C-7D1F13D489A8} = {3C08E95B-1144-4F05-8757-78653C834285}
		{66A0559A-0171-464B-8D2C-30F625AA44F1} = {3C08E95B-1144-4F05-8757-78653C834285}
		{738A58A4-C58E-4B8F-889E-1E63A61BB320} = {3C08E95B-1144-4F05-8757-78653C834285}
		{6A5E3EBF-330E-4B97-85A7-FD787D9D9AE8} = {3C08E95B-1144-4F05-8757-78653C834285}
		{26286F93-7B60-4A0B-B30C-E905895B9636} = {3C08E95B-1144-4F05-8757-78653C834285}
		{EF3E8034-5A5D-4956-B950-AB52C9FE691C} = {3C08E95B-1144-4F05-8757-78653C834285}
		{B5B8D2B8-28A8-4E07-8312-5B83F429C5F2} = {3C08E95B-1144-4F05-8757-78653C834285}
		{E0761710-4314-4551-ADD2-AB7DE2F76289} = {3C08E95B-1144-4F05-8757-78653C834285}
		{1FFF32C5-6518-4E9F-8D1F-2C9E53C5D790} = {3C08E95B-1144-4F05-8757-78653C834285}
		{6747E232-7038-4A0A-B4B0-653BA9C65656} = {3C08E95B-1144-4F05-8757-78653C834285}
		{F67C811D-EDA6-4434-AC4F-0F8F3F6FD3E9} = {55B3224E-3E71-4931-9860-BB0C4DC7DEBE}
		{8E665C95-2C76-4E91-86B0-D689D10A3104} = {03E7CCDD-A80E-404E-A2FF-7B7B12FE2E43}
		{5630D3D7-9ADD-4023-BAA4-700BC9F72DE9} = {03E7CCDD-A80E-404E-A2FF-7B7B12FE2E43}
		{A6EA09A9-1B8F-40C4-AB5B-AF38F28ED3F5} = {03E7CCDD-A80E-404E-A2FF-7B7B12FE2E43}
		{16BA3C5D-6F21-4F8B-BE57-842DB34B7DBE} = {03E7CCDD-A80E-404E-A2FF-7B7B12FE2E43}
		{84009A62-DF14-4969-BC24-95E49647A66D} = {03E7CCDD-A80E-404E-A2FF-7B7B12FE2E43}
		{40ECAAF1-66D6-43F9-854E-084C1F794067} = {03E7CCDD-A80E-404E-A2FF-7B7B12FE2E43}
		{67855DBE-42AA-4525-98F0-2C598A86348F} = {03E7CCDD-A80E-404E-A2FF-7B7B12FE2E43}
		{D026218D-6D09-4F42-A1ED-AC4F62D10756} = {03E7CCDD-A80E-404E-A2FF-7B7B12FE2E43}
		{700AF89A-4E23-437A-9765-A03E5BE77E38} = {03E7CCDD-A80E-404E-A2FF-7B7B12FE2E43}
		{FD172823-C696-41DF-BA29-EB3A08CBAD94} = {03E7CCDD-A80E-404E-A2FF-7B7B12FE2E43}
		{4840FC72-93B5-4173-BE20-B7044950B8C9} = {6020CED3-3314-41DD-BE3A-471B4285A2EC}
		{5BFB7A07-2E64-4125-B755-87E7256754D1} = {6020CED3-3314-41DD-BE3A-471B4285A2EC}
		{13AD1DC8-71C1-490D-98D3-D6DF4EF0776B} = {6020CED3-3314-41DD-BE3A-471B4285A2EC}
		{A6C21958-5663-4B13-913C-B653D0673ACE} = {6020CED3-3314-41DD-BE3A-471B4285A2EC}
		{D9D59B70-BFF4-4986-8FAC-E1F4AAAE8CA9} = {6020CED3-3314-41DD-BE3A-471B4285A2EC}
		{1597F4CD-A117-433F-A403-CD7215748E1E} = {6020CED3-3314-41DD-BE3A-471B4285A2EC}
		{9E882870-6AC1-4B71-823A-C07DE268FFF0} = {292FB2C8-7F8C-4B35-8178-8A67EF0F1A7B}
	EndGlobalSection
EndGlobal
